
Microsoft Visual Studio Solution File, Format Version 12.00
# Visual Studio 15
VisualStudioVersion = 15.0.28307.1231
MinimumVisualStudioVersion = 10.0.40219.1
Project("{FAE04EC0-301F-11D3-BF4B-00C04F79EFBC}") = "GUI", "banahng3\GUI.csproj", "{31B74E09-1567-4AE5-9543-144CA9D18F10}"
EndProject
Project("{FAE04EC0-301F-11D3-BF4B-00C04F79EFBC}") = "DTO", "view\DTO.csproj", "{C1B91165-EFC5-4A20-8872-5B55FE8E13FD}"
EndProject
Project("{FAE04EC0-301F-11D3-BF4B-00C04F79EFBC}") = "BUS_bh", "BUS_bh\BUS_bh.csproj", "{06D0166F-3E7D-4791-95F0-493B3E5B1EDB}"
EndProject
Project("{FAE04EC0-301F-11D3-BF4B-00C04F79EFBC}") = "DAL", "DAL\DAL.csproj", "{2A602DCC-47D9-48DC-9CA1-1276D9616580}"
EndProject
Global
	GlobalSection(SolutionConfigurationPlatforms) = preSolution
		Debug|Any CPU = Debug|Any CPU
		Release|Any CPU = Release|Any CPU
	EndGlobalSection
	GlobalSection(ProjectConfigurationPlatforms) = postSolution
		{31B74E09-1567-4AE5-9543-144CA9D18F10}.Debug|Any CPU.ActiveCfg = Debug|Any CPU
		{31B74E09-1567-4AE5-9543-144CA9D18F10}.Debug|Any CPU.Build.0 = Debug|Any CPU
		{31B74E09-1567-4AE5-9543-144CA9D18F10}.Release|Any CPU.ActiveCfg = Release|Any CPU
		{31B74E09-1567-4AE5-9543-144CA9D18F10}.Release|Any CPU.Build.0 = Release|Any CPU
		{C1B91165-EFC5-4A20-8872-5B55FE8E13FD}.Debug|Any CPU.ActiveCfg = Debug|Any CPU
		{C1B91165-EFC5-4A20-8872-5B55FE8E13FD}.Debug|Any CPU.Build.0 = Debug|Any CPU
		{C1B91165-EFC5-4A20-8872-5B55FE8E13FD}.Release|Any CPU.ActiveCfg = Release|Any CPU
		{C1B91165-EFC5-4A20-8872-5B55FE8E13FD}.Release|Any CPU.Build.0 = Release|Any CPU
		{06D0166F-3E7D-4791-95F0-493B3E5B1EDB}.Debug|Any CPU.ActiveCfg = Debug|Any CPU
		{06D0166F-3E7D-4791-95F0-493B3E5B1EDB}.Debug|Any CPU.Build.0 = Debug|Any CPU
		{06D0166F-3E7D-4791-95F0-493B3E5B1EDB}.Release|Any CPU.ActiveCfg = Release|Any CPU
		{06D0166F-3E7D-4791-95F0-493B3E5B1EDB}.Release|Any CPU.Build.0 = Release|Any CPU
		{2A602DCC-47D9-48DC-9CA1-1276D9616580}.Debug|Any CPU.ActiveCfg = Debug|Any CPU
		{2A602DCC-47D9-48DC-9CA1-1276D9616580}.Debug|Any CPU.Build.0 = Debug|Any CPU
		{2A602DCC-47D9-48DC-9CA1-1276D9616580}.Release|Any CPU.ActiveCfg = Release|Any CPU
		{2A602DCC-47D9-48DC-9CA1-1276D9616580}.Release|Any CPU.Build.0 = Release|Any CPU
	EndGlobalSection
	GlobalSection(SolutionProperties) = preSolution
		HideSolutionNode = FALSE
	EndGlobalSection
	GlobalSection(ExtensibilityGlobals) = postSolution
		SolutionGuid = {307579CF-7CEF-4F91-BAD8-0146CFA8D36A}
	EndGlobalSection
EndGlobal
